
Microsoft Visual Studio Solution File, Format Version 12.00
# Visual Studio Version 17
VisualStudioVersion = 17.3.32825.248
MinimumVisualStudioVersion = 10.0.40219.1
Project("{2150E333-8FDC-42A3-9474-1A3956D46DE8}") = "FrontEnd", "FrontEnd", "{D1933774-6D73-4681-AEBF-7F757F30C6AC}"
EndProject
Project("{2150E333-8FDC-42A3-9474-1A3956D46DE8}") = "BackEnd", "BackEnd", "{D90A25CC-A6F9-41CF-808D-B1BE600C17FE}"
EndProject
Project("{9A19103F-16F7-4668-BE54-9A1E7A4F7556}") = "MeAgendaAe.Dominio", "MeAgendaAe.Dominio\MeAgendaAe.Dominio.csproj", "{8FD220B6-C204-415E-B166-4BBA06F8DF72}"
EndProject
Project("{9A19103F-16F7-4668-BE54-9A1E7A4F7556}") = "MeAgendaAe.CamadaDados", "MeAgendaAe.CamadaDados\MeAgendaAe.CamadaDados.csproj", "{46575EE1-3992-4557-8DF6-3C19C211920B}"
EndProject
Project("{9A19103F-16F7-4668-BE54-9A1E7A4F7556}") = "MeAgendaAe.RegrasDeNegocio", "MeAgendaAe.RegrasDeNegocio\MeAgendaAe.RegrasDeNegocio.csproj", "{09F5F23B-27DD-4513-8CE4-3C7A94F7B43E}"
EndProject
Project("{9A19103F-16F7-4668-BE54-9A1E7A4F7556}") = "MeAgendaAe.CrossCutting", "MeAgendaAe.CrossCutting\MeAgendaAe.CrossCutting.csproj", "{EE6FA31E-B44E-4637-93BD-6D976248A6A8}"
EndProject
Project("{9A19103F-16F7-4668-BE54-9A1E7A4F7556}") = "MeAgendaAe", "MeAgendaAe\MeAgendaAe.csproj", "{E041E269-1DB0-4185-AB17-20575649D34F}"
EndProject
Project("{2150E333-8FDC-42A3-9474-1A3956D46DE8}") = "1 - Aplicação", "1 - Aplicação", "{832C5B6C-9F76-4256-A691-CD6474A945AB}"
EndProject
Project("{2150E333-8FDC-42A3-9474-1A3956D46DE8}") = "2 - Dominio", "2 - Dominio", "{E3789ECF-E52C-4D83-B293-5D9543223D9A}"
EndProject
Project("{2150E333-8FDC-42A3-9474-1A3956D46DE8}") = "3 - Serviços", "3 - Serviços", "{EB32AEB1-8B20-45F0-B759-61B110416676}"
EndProject
Project("{2150E333-8FDC-42A3-9474-1A3956D46DE8}") = "4 - Infra", "4 - Infra", "{A51A51F6-663A-42D5-8F92-576285FCFB3A}"
EndProject
Project("{2150E333-8FDC-42A3-9474-1A3956D46DE8}") = "4.1 - Persistencia", "4.1 - Persistencia", "{60E1B249-5A9F-4EA7-8465-4D314B698884}"
EndProject
Project("{2150E333-8FDC-42A3-9474-1A3956D46DE8}") = "4.2 - CrossCutting", "4.2 - CrossCutting", "{890F6A6C-976B-4CD6-B5FF-B47C9291E2FE}"
EndProject
Project("{2150E333-8FDC-42A3-9474-1A3956D46DE8}") = "Solution Items", "Solution Items", "{7319C1F8-D236-492B-817F-7C0DA869A1BE}"
	ProjectSection(SolutionItems) = preProject
		.gitignore = .gitignore
	EndProjectSection
EndProject
Global
	GlobalSection(SolutionConfigurationPlatforms) = preSolution
		Debug|Any CPU = Debug|Any CPU
		Release|Any CPU = Release|Any CPU
	EndGlobalSection
	GlobalSection(ProjectConfigurationPlatforms) = postSolution
		{8FD220B6-C204-415E-B166-4BBA06F8DF72}.Debug|Any CPU.ActiveCfg = Debug|Any CPU
		{8FD220B6-C204-415E-B166-4BBA06F8DF72}.Debug|Any CPU.Build.0 = Debug|Any CPU
		{8FD220B6-C204-415E-B166-4BBA06F8DF72}.Release|Any CPU.ActiveCfg = Release|Any CPU
		{8FD220B6-C204-415E-B166-4BBA06F8DF72}.Release|Any CPU.Build.0 = Release|Any CPU
		{46575EE1-3992-4557-8DF6-3C19C211920B}.Debug|Any CPU.ActiveCfg = Debug|Any CPU
		{46575EE1-3992-4557-8DF6-3C19C211920B}.Debug|Any CPU.Build.0 = Debug|Any CPU
		{46575EE1-3992-4557-8DF6-3C19C211920B}.Release|Any CPU.ActiveCfg = Release|Any CPU
		{46575EE1-3992-4557-8DF6-3C19C211920B}.Release|Any CPU.Build.0 = Release|Any CPU
		{09F5F23B-27DD-4513-8CE4-3C7A94F7B43E}.Debug|Any CPU.ActiveCfg = Debug|Any CPU
		{09F5F23B-27DD-4513-8CE4-3C7A94F7B43E}.Debug|Any CPU.Build.0 = Debug|Any CPU
		{09F5F23B-27DD-4513-8CE4-3C7A94F7B43E}.Release|Any CPU.ActiveCfg = Release|Any CPU
		{09F5F23B-27DD-4513-8CE4-3C7A94F7B43E}.Release|Any CPU.Build.0 = Release|Any CPU
		{EE6FA31E-B44E-4637-93BD-6D976248A6A8}.Debug|Any CPU.ActiveCfg = Debug|Any CPU
		{EE6FA31E-B44E-4637-93BD-6D976248A6A8}.Debug|Any CPU.Build.0 = Debug|Any CPU
		{EE6FA31E-B44E-4637-93BD-6D976248A6A8}.Release|Any CPU.ActiveCfg = Release|Any CPU
		{EE6FA31E-B44E-4637-93BD-6D976248A6A8}.Release|Any CPU.Build.0 = Release|Any CPU
		{E041E269-1DB0-4185-AB17-20575649D34F}.Debug|Any CPU.ActiveCfg = Debug|Any CPU
		{E041E269-1DB0-4185-AB17-20575649D34F}.Debug|Any CPU.Build.0 = Debug|Any CPU
		{E041E269-1DB0-4185-AB17-20575649D34F}.Release|Any CPU.ActiveCfg = Release|Any CPU
		{E041E269-1DB0-4185-AB17-20575649D34F}.Release|Any CPU.Build.0 = Release|Any CPU
	EndGlobalSection
	GlobalSection(SolutionProperties) = preSolution
		HideSolutionNode = FALSE
	EndGlobalSection
	GlobalSection(NestedProjects) = preSolution
		{8FD220B6-C204-415E-B166-4BBA06F8DF72} = {E3789ECF-E52C-4D83-B293-5D9543223D9A}
		{46575EE1-3992-4557-8DF6-3C19C211920B} = {60E1B249-5A9F-4EA7-8465-4D314B698884}
		{09F5F23B-27DD-4513-8CE4-3C7A94F7B43E} = {EB32AEB1-8B20-45F0-B759-61B110416676}
		{EE6FA31E-B44E-4637-93BD-6D976248A6A8} = {890F6A6C-976B-4CD6-B5FF-B47C9291E2FE}
		{E041E269-1DB0-4185-AB17-20575649D34F} = {832C5B6C-9F76-4256-A691-CD6474A945AB}
		{832C5B6C-9F76-4256-A691-CD6474A945AB} = {D90A25CC-A6F9-41CF-808D-B1BE600C17FE}
		{E3789ECF-E52C-4D83-B293-5D9543223D9A} = {D90A25CC-A6F9-41CF-808D-B1BE600C17FE}
		{EB32AEB1-8B20-45F0-B759-61B110416676} = {D90A25CC-A6F9-41CF-808D-B1BE600C17FE}
		{A51A51F6-663A-42D5-8F92-576285FCFB3A} = {D90A25CC-A6F9-41CF-808D-B1BE600C17FE}
		{60E1B249-5A9F-4EA7-8465-4D314B698884} = {A51A51F6-663A-42D5-8F92-576285FCFB3A}
		{890F6A6C-976B-4CD6-B5FF-B47C9291E2FE} = {A51A51F6-663A-42D5-8F92-576285FCFB3A}
	EndGlobalSection
	GlobalSection(ExtensibilityGlobals) = postSolution
		SolutionGuid = {879FDACF-8117-4ACA-B36B-BB2CDD039A47}
	EndGlobalSection
EndGlobal
